
Microsoft Visual Studio Solution File, Format Version 12.00
# Visual Studio Version 16
VisualStudioVersion = 16.0.31129.286
MinimumVisualStudioVersion = 10.0.40219.1
Project("{9A19103F-16F7-4668-BE54-9A1E7A4F7556}") = "BeecowLogistics.Api", "BeecowLogistics.Api\BeecowLogistics.Api.csproj", "{D02FB27C-9CFB-4687-AA6E-A2AD3A8D7B40}"
EndProject
Project("{9A19103F-16F7-4668-BE54-9A1E7A4F7556}") = "BeecowLogistics.Services", "BeecowLogistics.Services\BeecowLogistics.Services.csproj", "{8E1A873A-71C2-4265-9394-2C74D9475626}"
EndProject
Global
	GlobalSection(SolutionConfigurationPlatforms) = preSolution
		Debug|Any CPU = Debug|Any CPU
		Release|Any CPU = Release|Any CPU
	EndGlobalSection
	GlobalSection(ProjectConfigurationPlatforms) = postSolution
		{D02FB27C-9CFB-4687-AA6E-A2AD3A8D7B40}.Debug|Any CPU.ActiveCfg = Debug|Any CPU
		{D02FB27C-9CFB-4687-AA6E-A2AD3A8D7B40}.Debug|Any CPU.Build.0 = Debug|Any CPU
		{D02FB27C-9CFB-4687-AA6E-A2AD3A8D7B40}.Release|Any CPU.ActiveCfg = Release|Any CPU
		{D02FB27C-9CFB-4687-AA6E-A2AD3A8D7B40}.Release|Any CPU.Build.0 = Release|Any CPU
		{8E1A873A-71C2-4265-9394-2C74D9475626}.Debug|Any CPU.ActiveCfg = Debug|Any CPU
		{8E1A873A-71C2-4265-9394-2C74D9475626}.Debug|Any CPU.Build.0 = Debug|Any CPU
		{8E1A873A-71C2-4265-9394-2C74D9475626}.Release|Any CPU.ActiveCfg = Release|Any CPU
		{8E1A873A-71C2-4265-9394-2C74D9475626}.Release|Any CPU.Build.0 = Release|Any CPU
	EndGlobalSection
	GlobalSection(SolutionProperties) = preSolution
		HideSolutionNode = FALSE
	EndGlobalSection
	GlobalSection(ExtensibilityGlobals) = postSolution
		SolutionGuid = {927C3196-1E09-4EFA-8070-693030989624}
	EndGlobalSection
EndGlobal
